
Microsoft Visual Studio Solution File, Format Version 12.00
# Visual Studio 14
VisualStudioVersion = 14.0.25420.1
MinimumVisualStudioVersion = 10.0.40219.1
Project("{FAE04EC0-301F-11D3-BF4B-00C04F79EFBC}") = "BetterTools", "BetterTools\BetterTools.csproj", "{90039A4C-5E78-4858-98EA-D953A480FDD8}"
EndProject
Project("{FAE04EC0-301F-11D3-BF4B-00C04F79EFBC}") = "UniversalTools", "UniversalTools\UniversalTools.csproj", "{9041CEB9-C953-4976-AAEC-1E9868F7F8C4}"
EndProject
Project("{FAE04EC0-301F-11D3-BF4B-00C04F79EFBC}") = "FSM", "FSM\FSM.csproj", "{53EA37D3-6A28-4CD5-8B41-BD92ABB5BD78}"
EndProject
Project("{2150E333-8FDC-42A3-9474-1A3956D46DE8}") = "Editor", "Editor", "{E547A9DA-E5FB-4CC7-A08D-CFB3F96F1294}"
EndProject
Global
	GlobalSection(SolutionConfigurationPlatforms) = preSolution
		Debug|Any CPU = Debug|Any CPU
		Release|Any CPU = Release|Any CPU
	EndGlobalSection
	GlobalSection(ProjectConfigurationPlatforms) = postSolution
		{90039A4C-5E78-4858-98EA-D953A480FDD8}.Debug|Any CPU.ActiveCfg = Debug|Any CPU
		{90039A4C-5E78-4858-98EA-D953A480FDD8}.Debug|Any CPU.Build.0 = Debug|Any CPU
		{90039A4C-5E78-4858-98EA-D953A480FDD8}.Release|Any CPU.ActiveCfg = Release|Any CPU
		{90039A4C-5E78-4858-98EA-D953A480FDD8}.Release|Any CPU.Build.0 = Release|Any CPU
		{9041CEB9-C953-4976-AAEC-1E9868F7F8C4}.Debug|Any CPU.ActiveCfg = Debug|Any CPU
		{9041CEB9-C953-4976-AAEC-1E9868F7F8C4}.Debug|Any CPU.Build.0 = Debug|Any CPU
		{9041CEB9-C953-4976-AAEC-1E9868F7F8C4}.Release|Any CPU.ActiveCfg = Release|Any CPU
		{9041CEB9-C953-4976-AAEC-1E9868F7F8C4}.Release|Any CPU.Build.0 = Release|Any CPU
		{53EA37D3-6A28-4CD5-8B41-BD92ABB5BD78}.Debug|Any CPU.ActiveCfg = Debug|Any CPU
		{53EA37D3-6A28-4CD5-8B41-BD92ABB5BD78}.Debug|Any CPU.Build.0 = Debug|Any CPU
		{53EA37D3-6A28-4CD5-8B41-BD92ABB5BD78}.Release|Any CPU.ActiveCfg = Release|Any CPU
		{53EA37D3-6A28-4CD5-8B41-BD92ABB5BD78}.Release|Any CPU.Build.0 = Release|Any CPU
	EndGlobalSection
	GlobalSection(SolutionProperties) = preSolution
		HideSolutionNode = FALSE
	EndGlobalSection
	GlobalSection(ExtensibilityGlobals) = postSolution
		SolutionGuid = {33A52B00-98EC-4F5B-BBA5-0A10CDF92EE4}
	EndGlobalSection
EndGlobal
